
Microsoft Visual Studio Solution File, Format Version 12.00
# Visual Studio Version 17
VisualStudioVersion = 17.3.32825.248
MinimumVisualStudioVersion = 10.0.40219.1
Project("{9A19103F-16F7-4668-BE54-9A1E7A4F7556}") = "Inventario_BackEnd", "Inventario_BackEnd.csproj", "{8E85E894-0628-4309-8A6A-97F009EF63E2}"
EndProject
Global
	GlobalSection(SolutionConfigurationPlatforms) = preSolution
		Debug|Any CPU = Debug|Any CPU
		Release|Any CPU = Release|Any CPU
	EndGlobalSection
	GlobalSection(ProjectConfigurationPlatforms) = postSolution
		{8E85E894-0628-4309-8A6A-97F009EF63E2}.Debug|Any CPU.ActiveCfg = Debug|Any CPU
		{8E85E894-0628-4309-8A6A-97F009EF63E2}.Debug|Any CPU.Build.0 = Debug|Any CPU
		{8E85E894-0628-4309-8A6A-97F009EF63E2}.Release|Any CPU.ActiveCfg = Release|Any CPU
		{8E85E894-0628-4309-8A6A-97F009EF63E2}.Release|Any CPU.Build.0 = Release|Any CPU
	EndGlobalSection
	GlobalSection(SolutionProperties) = preSolution
		HideSolutionNode = FALSE
	EndGlobalSection
	GlobalSection(ExtensibilityGlobals) = postSolution
		SolutionGuid = {A899E983-C6C1-4F9C-8654-1AD8FB8005EB}
	EndGlobalSection
EndGlobal
